# THIS IS AN AUTOGENERATED FILE. DO NOT EDIT THIS FILE DIRECTLY.
# yarn lockfile v1


dat.gui@^0.7.7:
  version "0.7.7"
  resolved "https://registry.yarnpkg.com/dat.gui/-/dat.gui-0.7.7.tgz#7f96dbd21621a76385203659aebfa264ee6ae89b"
  integrity sha512-sRl/28gF/XRC5ywC9I4zriATTsQcpSsRG7seXCPnTkK8/EQMIbCu5NPMpICLGxX9ZEUvcXR3ArLYCtgreFoMDw==
